
Microsoft Visual Studio Solution File, Format Version 12.00
# Visual Studio Version 16
VisualStudioVersion = 16.0.32228.343
MinimumVisualStudioVersion = 10.0.40219.1
Project("{FAE04EC0-301F-11D3-BF4B-00C04F79EFBC}") = "FivePD P Duty Plugin", "FivePD P Duty Plugin\FivePD P Duty Plugin.csproj", "{AFBBEA29-054E-42A9-8C70-8ADCC4D686E9}"
EndProject
Global
	GlobalSection(SolutionConfigurationPlatforms) = preSolution
		Debug|Any CPU = Debug|Any CPU
		Release|Any CPU = Release|Any CPU
	EndGlobalSection
	GlobalSection(ProjectConfigurationPlatforms) = postSolution
		{AFBBEA29-054E-42A9-8C70-8ADCC4D686E9}.Debug|Any CPU.ActiveCfg = Debug|Any CPU
		{AFBBEA29-054E-42A9-8C70-8ADCC4D686E9}.Debug|Any CPU.Build.0 = Debug|Any CPU
		{AFBBEA29-054E-42A9-8C70-8ADCC4D686E9}.Release|Any CPU.ActiveCfg = Release|Any CPU
		{AFBBEA29-054E-42A9-8C70-8ADCC4D686E9}.Release|Any CPU.Build.0 = Release|Any CPU
	EndGlobalSection
	GlobalSection(SolutionProperties) = preSolution
		HideSolutionNode = FALSE
	EndGlobalSection
	GlobalSection(ExtensibilityGlobals) = postSolution
		SolutionGuid = {E4A8369D-EA0B-4226-AFED-BB059225B657}
	EndGlobalSection
EndGlobal
